
Microsoft Visual Studio Solution File, Format Version 12.00
# Visual Studio 14
VisualStudioVersion = 14.0.25420.1
MinimumVisualStudioVersion = 10.0.40219.1
Project("{8BC9CEB8-8B4A-11D0-8D11-00A0C91BC942}") = "Assignment", "Assignment\Assignment.vcxproj", "{C580B2D0-2CEC-469F-974A-B06B40C3947F}"
EndProject
Project("{8BC9CEB8-8B4A-11D0-8D11-00A0C91BC942}") = "Program2", "Program2\Program2.vcxproj", "{0C8B0E72-D13D-4B25-AC27-78DDC66CBADB}"
EndProject
Project("{8BC9CEB8-8B4A-11D0-8D11-00A0C91BC942}") = "Program3", "Program3\Program3.vcxproj", "{7A82DE53-E07E-440F-A42B-5FED4D498457}"
EndProject
Project("{8BC9CEB8-8B4A-11D0-8D11-00A0C91BC942}") = "Program4", "Program4\Program4.vcxproj", "{72A294EB-7C5E-4D5D-9350-CB353791C398}"
EndProject
Project("{8BC9CEB8-8B4A-11D0-8D11-00A0C91BC942}") = "Program5", "Program5\Program5.vcxproj", "{35B5F594-6685-4DDE-881D-B445D35ED5D2}"
EndProject
Project("{8BC9CEB8-8B4A-11D0-8D11-00A0C91BC942}") = "Program6", "Program6\Program6.vcxproj", "{940F162E-ABC2-4C9F-8FD9-DFE0B1A020F9}"
EndProject
Project("{8BC9CEB8-8B4A-11D0-8D11-00A0C91BC942}") = "Program7", "Program7\Program7.vcxproj", "{F3F2253C-2374-4B57-B978-AA6B14223729}"
EndProject
Project("{8BC9CEB8-8B4A-11D0-8D11-00A0C91BC942}") = "Program8", "Program8\Program8.vcxproj", "{76126CC8-A4F0-40F4-8B85-D40C49CBACD1}"
EndProject
Project("{8BC9CEB8-8B4A-11D0-8D11-00A0C91BC942}") = "Program9", "Program9\Program9.vcxproj", "{7AAC2EC7-D1AA-416E-A73E-D382E5D3C921}"
EndProject
Project("{8BC9CEB8-8B4A-11D0-8D11-00A0C91BC942}") = "Program10", "Program10\Program10.vcxproj", "{C0CCF433-426C-4A27-A7A1-4EBC22718D7E}"
EndProject
Project("{8BC9CEB8-8B4A-11D0-8D11-00A0C91BC942}") = "Program11", "Program11\Program11.vcxproj", "{7C29827B-D420-4827-B87D-C1116BB65F4F}"
EndProject
Global
	GlobalSection(SolutionConfigurationPlatforms) = preSolution
		Debug|x64 = Debug|x64
		Debug|x86 = Debug|x86
		Release|x64 = Release|x64
		Release|x86 = Release|x86
	EndGlobalSection
	GlobalSection(ProjectConfigurationPlatforms) = postSolution
		{C580B2D0-2CEC-469F-974A-B06B40C3947F}.Debug|x64.ActiveCfg = Debug|x64
		{C580B2D0-2CEC-469F-974A-B06B40C3947F}.Debug|x64.Build.0 = Debug|x64
		{C580B2D0-2CEC-469F-974A-B06B40C3947F}.Debug|x86.ActiveCfg = Debug|Win32
		{C580B2D0-2CEC-469F-974A-B06B40C3947F}.Debug|x86.Build.0 = Debug|Win32
		{C580B2D0-2CEC-469F-974A-B06B40C3947F}.Release|x64.ActiveCfg = Release|x64
		{C580B2D0-2CEC-469F-974A-B06B40C3947F}.Release|x64.Build.0 = Release|x64
		{C580B2D0-2CEC-469F-974A-B06B40C3947F}.Release|x86.ActiveCfg = Release|Win32
		{C580B2D0-2CEC-469F-974A-B06B40C3947F}.Release|x86.Build.0 = Release|Win32
		{0C8B0E72-D13D-4B25-AC27-78DDC66CBADB}.Debug|x64.ActiveCfg = Debug|x64
		{0C8B0E72-D13D-4B25-AC27-78DDC66CBADB}.Debug|x64.Build.0 = Debug|x64
		{0C8B0E72-D13D-4B25-AC27-78DDC66CBADB}.Debug|x86.ActiveCfg = Debug|Win32
		{0C8B0E72-D13D-4B25-AC27-78DDC66CBADB}.Debug|x86.Build.0 = Debug|Win32
		{0C8B0E72-D13D-4B25-AC27-78DDC66CBADB}.Release|x64.ActiveCfg = Release|x64
		{0C8B0E72-D13D-4B25-AC27-78DDC66CBADB}.Release|x64.Build.0 = Release|x64
		{0C8B0E72-D13D-4B25-AC27-78DDC66CBADB}.Release|x86.ActiveCfg = Release|Win32
		{0C8B0E72-D13D-4B25-AC27-78DDC66CBADB}.Release|x86.Build.0 = Release|Win32
		{7A82DE53-E07E-440F-A42B-5FED4D498457}.Debug|x64.ActiveCfg = Debug|x64
		{7A82DE53-E07E-440F-A42B-5FED4D498457}.Debug|x64.Build.0 = Debug|x64
		{7A82DE53-E07E-440F-A42B-5FED4D498457}.Debug|x86.ActiveCfg = Debug|Win32
		{7A82DE53-E07E-440F-A42B-5FED4D498457}.Debug|x86.Build.0 = Debug|Win32
		{7A82DE53-E07E-440F-A42B-5FED4D498457}.Release|x64.ActiveCfg = Release|x64
		{7A82DE53-E07E-440F-A42B-5FED4D498457}.Release|x64.Build.0 = Release|x64
		{7A82DE53-E07E-440F-A42B-5FED4D498457}.Release|x86.ActiveCfg = Release|Win32
		{7A82DE53-E07E-440F-A42B-5FED4D498457}.Release|x86.Build.0 = Release|Win32
		{72A294EB-7C5E-4D5D-9350-CB353791C398}.Debug|x64.ActiveCfg = Debug|x64
		{72A294EB-7C5E-4D5D-9350-CB353791C398}.Debug|x64.Build.0 = Debug|x64
		{72A294EB-7C5E-4D5D-9350-CB353791C398}.Debug|x86.ActiveCfg = Debug|Win32
		{72A294EB-7C5E-4D5D-9350-CB353791C398}.Debug|x86.Build.0 = Debug|Win32
		{72A294EB-7C5E-4D5D-9350-CB353791C398}.Release|x64.ActiveCfg = Release|x64
		{72A294EB-7C5E-4D5D-9350-CB353791C398}.Release|x64.Build.0 = Release|x64
		{72A294EB-7C5E-4D5D-9350-CB353791C398}.Release|x86.ActiveCfg = Release|Win32
		{72A294EB-7C5E-4D5D-9350-CB353791C398}.Release|x86.Build.0 = Release|Win32
		{35B5F594-6685-4DDE-881D-B445D35ED5D2}.Debug|x64.ActiveCfg = Debug|x64
		{35B5F594-6685-4DDE-881D-B445D35ED5D2}.Debug|x64.Build.0 = Debug|x64
		{35B5F594-6685-4DDE-881D-B445D35ED5D2}.Debug|x86.ActiveCfg = Debug|Win32
		{35B5F594-6685-4DDE-881D-B445D35ED5D2}.Debug|x86.Build.0 = Debug|Win32
		{35B5F594-6685-4DDE-881D-B445D35ED5D2}.Release|x64.ActiveCfg = Release|x64
		{35B5F594-6685-4DDE-881D-B445D35ED5D2}.Release|x64.Build.0 = Release|x64
		{35B5F594-6685-4DDE-881D-B445D35ED5D2}.Release|x86.ActiveCfg = Release|Win32
		{35B5F594-6685-4DDE-881D-B445D35ED5D2}.Release|x86.Build.0 = Release|Win32
		{940F162E-ABC2-4C9F-8FD9-DFE0B1A020F9}.Debug|x64.ActiveCfg = Debug|x64
		{940F162E-ABC2-4C9F-8FD9-DFE0B1A020F9}.Debug|x64.Build.0 = Debug|x64
		{940F162E-ABC2-4C9F-8FD9-DFE0B1A020F9}.Debug|x86.ActiveCfg = Debug|Win32
		{940F162E-ABC2-4C9F-8FD9-DFE0B1A020F9}.Debug|x86.Build.0 = Debug|Win32
		{940F162E-ABC2-4C9F-8FD9-DFE0B1A020F9}.Release|x64.ActiveCfg = Release|x64
		{940F162E-ABC2-4C9F-8FD9-DFE0B1A020F9}.Release|x64.Build.0 = Release|x64
		{940F162E-ABC2-4C9F-8FD9-DFE0B1A020F9}.Release|x86.ActiveCfg = Release|Win32
		{940F162E-ABC2-4C9F-8FD9-DFE0B1A020F9}.Release|x86.Build.0 = Release|Win32
		{F3F2253C-2374-4B57-B978-AA6B14223729}.Debug|x64.ActiveCfg = Debug|x64
		{F3F2253C-2374-4B57-B978-AA6B14223729}.Debug|x64.Build.0 = Debug|x64
		{F3F2253C-2374-4B57-B978-AA6B14223729}.Debug|x86.ActiveCfg = Debug|Win32
		{F3F2253C-2374-4B57-B978-AA6B14223729}.Debug|x86.Build.0 = Debug|Win32
		{F3F2253C-2374-4B57-B978-AA6B14223729}.Release|x64.ActiveCfg = Release|x64
		{F3F2253C-2374-4B57-B978-AA6B14223729}.Release|x64.Build.0 = Release|x64
		{F3F2253C-2374-4B57-B978-AA6B14223729}.Release|x86.ActiveCfg = Release|Win32
		{F3F2253C-2374-4B57-B978-AA6B14223729}.Release|x86.Build.0 = Release|Win32
		{76126CC8-A4F0-40F4-8B85-D40C49CBACD1}.Debug|x64.ActiveCfg = Debug|x64
		{76126CC8-A4F0-40F4-8B85-D40C49CBACD1}.Debug|x64.Build.0 = Debug|x64
		{76126CC8-A4F0-40F4-8B85-D40C49CBACD1}.Debug|x86.ActiveCfg = Debug|Win32
		{76126CC8-A4F0-40F4-8B85-D40C49CBACD1}.Debug|x86.Build.0 = Debug|Win32
		{76126CC8-A4F0-40F4-8B85-D40C49CBACD1}.Release|x64.ActiveCfg = Release|x64
		{76126CC8-A4F0-40F4-8B85-D40C49CBACD1}.Release|x64.Build.0 = Release|x64
		{76126CC8-A4F0-40F4-8B85-D40C49CBACD1}.Release|x86.ActiveCfg = Release|Win32
		{76126CC8-A4F0-40F4-8B85-D40C49CBACD1}.Release|x86.Build.0 = Release|Win32
		{7AAC2EC7-D1AA-416E-A73E-D382E5D3C921}.Debug|x64.ActiveCfg = Debug|x64
		{7AAC2EC7-D1AA-416E-A73E-D382E5D3C921}.Debug|x64.Build.0 = Debug|x64
		{7AAC2EC7-D1AA-416E-A73E-D382E5D3C921}.Debug|x86.ActiveCfg = Debug|Win32
		{7AAC2EC7-D1AA-416E-A73E-D382E5D3C921}.Debug|x86.Build.0 = Debug|Win32
		{7AAC2EC7-D1AA-416E-A73E-D382E5D3C921}.Release|x64.ActiveCfg = Release|x64
		{7AAC2EC7-D1AA-416E-A73E-D382E5D3C921}.Release|x64.Build.0 = Release|x64
		{7AAC2EC7-D1AA-416E-A73E-D382E5D3C921}.Release|x86.ActiveCfg = Release|Win32
		{7AAC2EC7-D1AA-416E-A73E-D382E5D3C921}.Release|x86.Build.0 = Release|Win32
		{C0CCF433-426C-4A27-A7A1-4EBC22718D7E}.Debug|x64.ActiveCfg = Debug|x64
		{C0CCF433-426C-4A27-A7A1-4EBC22718D7E}.Debug|x64.Build.0 = Debug|x64
		{C0CCF433-426C-4A27-A7A1-4EBC22718D7E}.Debug|x86.ActiveCfg = Debug|Win32
		{C0CCF433-426C-4A27-A7A1-4EBC22718D7E}.Debug|x86.Build.0 = Debug|Win32
		{C0CCF433-426C-4A27-A7A1-4EBC22718D7E}.Release|x64.ActiveCfg = Release|x64
		{C0CCF433-426C-4A27-A7A1-4EBC22718D7E}.Release|x64.Build.0 = Release|x64
		{C0CCF433-426C-4A27-A7A1-4EBC22718D7E}.Release|x86.ActiveCfg = Release|Win32
		{C0CCF433-426C-4A27-A7A1-4EBC22718D7E}.Release|x86.Build.0 = Release|Win32
		{7C29827B-D420-4827-B87D-C1116BB65F4F}.Debug|x64.ActiveCfg = Debug|x64
		{7C29827B-D420-4827-B87D-C1116BB65F4F}.Debug|x64.Build.0 = Debug|x64
		{7C29827B-D420-4827-B87D-C1116BB65F4F}.Debug|x86.ActiveCfg = Debug|Win32
		{7C29827B-D420-4827-B87D-C1116BB65F4F}.Debug|x86.Build.0 = Debug|Win32
		{7C29827B-D420-4827-B87D-C1116BB65F4F}.Release|x64.ActiveCfg = Release|x64
		{7C29827B-D420-4827-B87D-C1116BB65F4F}.Release|x64.Build.0 = Release|x64
		{7C29827B-D420-4827-B87D-C1116BB65F4F}.Release|x86.ActiveCfg = Release|Win32
		{7C29827B-D420-4827-B87D-C1116BB65F4F}.Release|x86.Build.0 = Release|Win32
	EndGlobalSection
	GlobalSection(SolutionProperties) = preSolution
		HideSolutionNode = FALSE
	EndGlobalSection
EndGlobal
